<?xml version="1.0" encoding="utf-8"?>
<Project ToolsVersion="4.0" xmlns="http://schemas.microsoft.com/developer/msbuild/2003">
  <ItemGroup>
    <Filter Include="Quelldateien">
      <UniqueIdentifier>{4FC737F1-C7A5-4376-A066-2A32D752A2FF}</UniqueIdentifier>
      <Extensions>cpp;c;cc;cxx;def;odl;idl;hpj;bat;asm;asmx</Extensions>
    </Filter>
    <Filter Include="Headerdateien">
      <UniqueIdentifier>{93995380-89BD-4b04-88EB-625FBE52EBFB}</UniqueIdentifier>
      <Extensions>h;hh;hpp;hxx;hm;inl;inc;ipp;xsd</Extensions>
    </Filter>
    <Filter Include="Ressourcendateien">
      <UniqueIdentifier>{67DA6AB6-F800-4c08-8B7A-83BB121AAD01}</UniqueIdentifier>
      <Extensions>rc;ico;cur;bmp;dlg;rc2;rct;bin;rgs;gif;jpg;jpeg;jpe;resx;tiff;tif;png;wav;mfcribbon-ms</Extensions>
    </Filter>
    <Filter Include="Event System">
      <UniqueIdentifier>{4fe71957-520e-4a4d-8bad-8b97d958fc26}</UniqueIdentifier>
    </Filter>
    <Filter Include="SVG Parser">
      <UniqueIdentifier>{4df8e44f-1adc-4af4-b331-0ef3eeacf8c6}</UniqueIdentifier>
    </Filter>
  </ItemGroup>
  <ItemGroup>
    <ClCompile Include="main.cpp">
      <Filter>Quelldateien</Filter>
    </ClCompile>
    <ClCompile Include="Net.cpp">
      <Filter>Quelldateien</Filter>
    </ClCompile>
    <ClCompile Include="Event_System.cpp">
      <Filter>Event System</Filter>
    </ClCompile>
    <ClCompile Include="SVG_Parser.cpp">
      <Filter>SVG Parser</Filter>
    </ClCompile>
  </ItemGroup>
  <ItemGroup>
    <ClInclude Include="Net.h">
      <Filter>Headerdateien</Filter>
    </ClInclude>
    <ClInclude Include="Event_System.h">
      <Filter>Event System</Filter>
    </ClInclude>
    <ClInclude Include="SVG_Parser.h">
      <Filter>SVG Parser</Filter>
    </ClInclude>
  </ItemGroup>
</Project>